
Microsoft Visual Studio Solution File, Format Version 12.00
# Visual Studio 15
VisualStudioVersion = 15.0.28010.2041
MinimumVisualStudioVersion = 10.0.40219.1
Project("{8BC9CEB8-8B4A-11D0-8D11-00A0C91BC942}") = "Snake - SFML", "Snake - SFML\Snake - SFML.vcxproj", "{BCA7AF94-BEB0-4D2D-B04D-B8F6666E6201}"
EndProject
Global
	GlobalSection(SolutionConfigurationPlatforms) = preSolution
		Debug|x64 = Debug|x64
		Debug|x86 = Debug|x86
		Release|x64 = Release|x64
		Release|x86 = Release|x86
	EndGlobalSection
	GlobalSection(ProjectConfigurationPlatforms) = postSolution
		{BCA7AF94-BEB0-4D2D-B04D-B8F6666E6201}.Debug|x64.ActiveCfg = Debug|x64
		{BCA7AF94-BEB0-4D2D-B04D-B8F6666E6201}.Debug|x64.Build.0 = Debug|x64
		{BCA7AF94-BEB0-4D2D-B04D-B8F6666E6201}.Debug|x86.ActiveCfg = Debug|Win32
		{BCA7AF94-BEB0-4D2D-B04D-B8F6666E6201}.Debug|x86.Build.0 = Debug|Win32
		{BCA7AF94-BEB0-4D2D-B04D-B8F6666E6201}.Release|x64.ActiveCfg = Release|x64
		{BCA7AF94-BEB0-4D2D-B04D-B8F6666E6201}.Release|x64.Build.0 = Release|x64
		{BCA7AF94-BEB0-4D2D-B04D-B8F6666E6201}.Release|x86.ActiveCfg = Release|Win32
		{BCA7AF94-BEB0-4D2D-B04D-B8F6666E6201}.Release|x86.Build.0 = Release|Win32
	EndGlobalSection
	GlobalSection(SolutionProperties) = preSolution
		HideSolutionNode = FALSE
	EndGlobalSection
	GlobalSection(ExtensibilityGlobals) = postSolution
		SolutionGuid = {389A92A0-C0A7-464E-AA41-BFB504DC1987}
	EndGlobalSection
EndGlobal
